
Microsoft Visual Studio Solution File, Format Version 12.00
# Visual Studio Version 16
VisualStudioVersion = 16.0.30002.166
MinimumVisualStudioVersion = 10.0.40219.1
Project("{FAE04EC0-301F-11D3-BF4B-00C04F79EFBC}") = "TodoApi", "TodoApi\TodoApi.csproj", "{FAC085CC-34D2-4FF0-BC9D-4C92E9A9479E}"
EndProject
Global
	GlobalSection(SolutionConfigurationPlatforms) = preSolution
		Debug|Any CPU = Debug|Any CPU
		Release|Any CPU = Release|Any CPU
	EndGlobalSection
	GlobalSection(ProjectConfigurationPlatforms) = postSolution
		{FAC085CC-34D2-4FF0-BC9D-4C92E9A9479E}.Debug|Any CPU.ActiveCfg = Debug|Any CPU
		{FAC085CC-34D2-4FF0-BC9D-4C92E9A9479E}.Debug|Any CPU.Build.0 = Debug|Any CPU
		{FAC085CC-34D2-4FF0-BC9D-4C92E9A9479E}.Release|Any CPU.ActiveCfg = Release|Any CPU
		{FAC085CC-34D2-4FF0-BC9D-4C92E9A9479E}.Release|Any CPU.Build.0 = Release|Any CPU
	EndGlobalSection
	GlobalSection(SolutionProperties) = preSolution
		HideSolutionNode = FALSE
	EndGlobalSection
	GlobalSection(ExtensibilityGlobals) = postSolution
		SolutionGuid = {78A02537-2B0B-4A55-B6F7-BE6BB2327D9C}
	EndGlobalSection
EndGlobal
